
Microsoft Visual Studio Solution File, Format Version 12.00
# Visual Studio Version 16
VisualStudioVersion = 16.0.31613.86
MinimumVisualStudioVersion = 10.0.40219.1
Project("{FAE04EC0-301F-11D3-BF4B-00C04F79EFBC}") = "ForwardRefs.Test", "ForwardRefs.Test\ForwardRefs.Test.csproj", "{DFD5440C-EF15-448F-A8A1-6AEDE7F50D4A}"
EndProject
Global
	GlobalSection(SolutionConfigurationPlatforms) = preSolution
		Debug|Any CPU = Debug|Any CPU
		Release|Any CPU = Release|Any CPU
	EndGlobalSection
	GlobalSection(ProjectConfigurationPlatforms) = postSolution
		{DFD5440C-EF15-448F-A8A1-6AEDE7F50D4A}.Debug|Any CPU.ActiveCfg = Debug|Any CPU
		{DFD5440C-EF15-448F-A8A1-6AEDE7F50D4A}.Debug|Any CPU.Build.0 = Debug|Any CPU
		{DFD5440C-EF15-448F-A8A1-6AEDE7F50D4A}.Release|Any CPU.ActiveCfg = Release|Any CPU
		{DFD5440C-EF15-448F-A8A1-6AEDE7F50D4A}.Release|Any CPU.Build.0 = Release|Any CPU
	EndGlobalSection
	GlobalSection(SolutionProperties) = preSolution
		HideSolutionNode = FALSE
	EndGlobalSection
	GlobalSection(ExtensibilityGlobals) = postSolution
		SolutionGuid = {B8802556-8412-4AD0-99B7-CFC92DFF6AFC}
	EndGlobalSection
EndGlobal
